// !$*UTF8*$!
{
	archiveVersion = 1;
	classes = {
	};
	objectVersion = 46;
	objects = {

/* Begin PBXBuildFile section */
		0DF185CF161CC76600F14C90 /* UIKit.framework in Frameworks */ = {isa = PBXBuildFile; fileRef = 0DF185CE161CC76600F14C90 /* UIKit.framework */; };
		0DF185D1161CC76600F14C90 /* Foundation.framework in Frameworks */ = {isa = PBXBuildFile; fileRef = 0DF185D0161CC76600F14C90 /* Foundation.framework */; };
		0DF185D3161CC76600F14C90 /* CoreGraphics.framework in Frameworks */ = {isa = PBXBuildFile; fileRef = 0DF185D2161CC76600F14C90 /* CoreGraphics.framework */; };
		0DF185D9161CC76600F14C90 /* InfoPlist.strings in Resources */ = {isa = PBXBuildFile; fileRef = 0DF185D7161CC76600F14C90 /* InfoPlist.strings */; };
		0DF185DB161CC76600F14C90 /* main.m in Sources */ = {isa = PBXBuildFile; fileRef = 0DF185DA161CC76600F14C90 /* main.m */; };
		0DF185DF161CC76600F14C90 /* AppDelegate.m in Sources */ = {isa = PBXBuildFile; fileRef = 0DF185DE161CC76600F14C90 /* AppDelegate.m */; };
		0DF185E1161CC76600F14C90 /* Default.png in Resources */ = {isa = PBXBuildFile; fileRef = 0DF185E0161CC76600F14C90 /* Default.png */; };
		0DF185E3161CC76600F14C90 /* Default@2x.png in Resources */ = {isa = PBXBuildFile; fileRef = 0DF185E2161CC76600F14C90 /* Default@2x.png */; };
		0DF185E5161CC76600F14C90 /* Default-568h@2x.png in Resources */ = {isa = PBXBuildFile; fileRef = 0DF185E4161CC76600F14C90 /* Default-568h@2x.png */; };
		0DF185ED161CC7A300F14C90 /* Line.m in Sources */ = {isa = PBXBuildFile; fileRef = 0DF185EC161CC7A300F14C90 /* Line.m */; };
		0DF185F0161CC7E600F14C90 /* TouchDrawView.m in Sources */ = {isa = PBXBuildFile; fileRef = 0DF185EF161CC7E600F14C90 /* TouchDrawView.m */; };
		0DF185F3161CC83D00F14C90 /* TouchViewController.m in Sources */ = {isa = PBXBuildFile; fileRef = 0DF185F2161CC83D00F14C90 /* TouchViewController.m */; };
/* End PBXBuildFile section */

/* Begin PBXFileReference section */
		0DF185CA161CC76600F14C90 /* TouchTracker.app */ = {isa = PBXFileReference; explicitFileType = wrapper.application; includeInIndex = 0; path = TouchTracker.app; sourceTree = BUILT_PRODUCTS_DIR; };
		0DF185CE161CC76600F14C90 /* UIKit.framework */ = {isa = PBXFileReference; lastKnownFileType = wrapper.framework; name = UIKit.framework; path = System/Library/Frameworks/UIKit.framework; sourceTree = SDKROOT; };
		0DF185D0161CC76600F14C90 /* Foundation.framework */ = {isa = PBXFileReference; lastKnownFileType = wrapper.framework; name = Foundation.framework; path = System/Library/Frameworks/Foundation.framework; sourceTree = SDKROOT; };
		0DF185D2161CC76600F14C90 /* CoreGraphics.framework */ = {isa = PBXFileReference; lastKnownFileType = wrapper.framework; name = CoreGraphics.framework; path = System/Library/Frameworks/CoreGraphics.framework; sourceTree = SDKROOT; };
		0DF185D6161CC76600F14C90 /* TouchTracker-Info.plist */ = {isa = PBXFileReference; lastKnownFileType = text.plist.xml; path = "TouchTracker-Info.plist"; sourceTree = "<group>"; };
		0DF185D8161CC76600F14C90 /* en */ = {isa = PBXFileReference; lastKnownFileType = text.plist.strings; name = en; path = en.lproj/InfoPlist.strings; sourceTree = "<group>"; };
		0DF185DA161CC76600F14C90 /* main.m */ = {isa = PBXFileReference; lastKnownFileType = sourcecode.c.objc; path = main.m; sourceTree = "<group>"; };
		0DF185DC161CC76600F14C90 /* TouchTracker-Prefix.pch */ = {isa = PBXFileReference; lastKnownFileType = sourcecode.c.h; path = "TouchTracker-Prefix.pch"; sourceTree = "<group>"; };
		0DF185DD161CC76600F14C90 /* AppDelegate.h */ = {isa = PBXFileReference; lastKnownFileType = sourcecode.c.h; path = AppDelegate.h; sourceTree = "<group>"; };
		0DF185DE161CC76600F14C90 /* AppDelegate.m */ = {isa = PBXFileReference; lastKnownFileType = sourcecode.c.objc; path = AppDelegate.m; sourceTree = "<group>"; };
		0DF185E0161CC76600F14C90 /* Default.png */ = {isa = PBXFileReference; lastKnownFileType = image.png; path = Default.png; sourceTree = "<group>"; };
		0DF185E2161CC76600F14C90 /* Default@2x.png */ = {isa = PBXFileReference; lastKnownFileType = image.png; path = "Default@2x.png"; sourceTree = "<group>"; };
		0DF185E4161CC76600F14C90 /* Default-568h@2x.png */ = {isa = PBXFileReference; lastKnownFileType = image.png; path = "Default-568h@2x.png"; sourceTree = "<group>"; };
		0DF185EB161CC7A300F14C90 /* Line.h */ = {isa = PBXFileReference; fileEncoding = 4; lastKnownFileType = sourcecode.c.h; path = Line.h; sourceTree = "<group>"; };
		0DF185EC161CC7A300F14C90 /* Line.m */ = {isa = PBXFileReference; fileEncoding = 4; lastKnownFileType = sourcecode.c.objc; path = Line.m; sourceTree = "<group>"; };
		0DF185EE161CC7E600F14C90 /* TouchDrawView.h */ = {isa = PBXFileReference; fileEncoding = 4; lastKnownFileType = sourcecode.c.h; path = TouchDrawView.h; sourceTree = "<group>"; };
		0DF185EF161CC7E600F14C90 /* TouchDrawView.m */ = {isa = PBXFileReference; fileEncoding = 4; lastKnownFileType = sourcecode.c.objc; path = TouchDrawView.m; sourceTree = "<group>"; };
		0DF185F1161CC83D00F14C90 /* TouchViewController.h */ = {isa = PBXFileReference; fileEncoding = 4; lastKnownFileType = sourcecode.c.h; path = TouchViewController.h; sourceTree = "<group>"; };
		0DF185F2161CC83D00F14C90 /* TouchViewController.m */ = {isa = PBXFileReference; fileEncoding = 4; lastKnownFileType = sourcecode.c.objc; path = TouchViewController.m; sourceTree = "<group>"; };
/* End PBXFileReference section */

/* Begin PBXFrameworksBuildPhase section */
		0DF185C7161CC76600F14C90 /* Frameworks */ = {
			isa = PBXFrameworksBuildPhase;
			buildActionMask = 2147483647;
			files = (
				0DF185CF161CC76600F14C90 /* UIKit.framework in Frameworks */,
				0DF185D1161CC76600F14C90 /* Foundation.framework in Frameworks */,
				0DF185D3161CC76600F14C90 /* CoreGraphics.framework in Frameworks */,
			);
			runOnlyForDeploymentPostprocessing = 0;
		};
/* End PBXFrameworksBuildPhase section */

/* Begin PBXGroup section */
		0DF185BF161CC76600F14C90 = {
			isa = PBXGroup;
			children = (
				0DF185D4161CC76600F14C90 /* TouchTracker */,
				0DF185CD161CC76600F14C90 /* Frameworks */,
				0DF185CB161CC76600F14C90 /* Products */,
			);
			sourceTree = "<group>";
		};
		0DF185CB161CC76600F14C90 /* Products */ = {
			isa = PBXGroup;
			children = (
				0DF185CA161CC76600F14C90 /* TouchTracker.app */,
			);
			name = Products;
			sourceTree = "<group>";
		};
		0DF185CD161CC76600F14C90 /* Frameworks */ = {
			isa = PBXGroup;
			children = (
				0DF185CE161CC76600F14C90 /* UIKit.framework */,
				0DF185D0161CC76600F14C90 /* Foundation.framework */,
				0DF185D2161CC76600F14C90 /* CoreGraphics.framework */,
			);
			name = Frameworks;
			sourceTree = "<group>";
		};
		0DF185D4161CC76600F14C90 /* TouchTracker */ = {
			isa = PBXGroup;
			children = (
				0DF185DD161CC76600F14C90 /* AppDelegate.h */,
				0DF185DE161CC76600F14C90 /* AppDelegate.m */,
				0DF185D5161CC76600F14C90 /* Supporting Files */,
				0DF185EB161CC7A300F14C90 /* Line.h */,
				0DF185EC161CC7A300F14C90 /* Line.m */,
				0DF185EE161CC7E600F14C90 /* TouchDrawView.h */,
				0DF185EF161CC7E600F14C90 /* TouchDrawView.m */,
				0DF185F1161CC83D00F14C90 /* TouchViewController.h */,
				0DF185F2161CC83D00F14C90 /* TouchViewController.m */,
			);
			path = TouchTracker;
			sourceTree = "<group>";
		};
		0DF185D5161CC76600F14C90 /* Supporting Files */ = {
			isa = PBXGroup;
			children = (
				0DF185D6161CC76600F14C90 /* TouchTracker-Info.plist */,
				0DF185D7161CC76600F14C90 /* InfoPlist.strings */,
				0DF185DA161CC76600F14C90 /* main.m */,
				0DF185DC161CC76600F14C90 /* TouchTracker-Prefix.pch */,
				0DF185E0161CC76600F14C90 /* Default.png */,
				0DF185E2161CC76600F14C90 /* Default@2x.png */,
				0DF185E4161CC76600F14C90 /* Default-568h@2x.png */,
			);
			name = "Supporting Files";
			sourceTree = "<group>";
		};
/* End PBXGroup section */

/* Begin PBXNativeTarget section */
		0DF185C9161CC76600F14C90 /* TouchTracker */ = {
			isa = PBXNativeTarget;
			buildConfigurationList = 0DF185E8161CC76600F14C90 /* Build configuration list for PBXNativeTarget "TouchTracker" */;
			buildPhases = (
				0DF185C6161CC76600F14C90 /* Sources */,
				0DF185C7161CC76600F14C90 /* Frameworks */,
				0DF185C8161CC76600F14C90 /* Resources */,
			);
			buildRules = (
			);
			dependencies = (
			);
			name = TouchTracker;
			productName = TouchTracker;
			productReference = 0DF185CA161CC76600F14C90 /* TouchTracker.app */;
			productType = "com.apple.product-type.application";
		};
/* End PBXNativeTarget section */

/* Begin PBXProject section */
		0DF185C1161CC76600F14C90 /* Project object */ = {
			isa = PBXProject;
			attributes = {
				LastUpgradeCheck = 0450;
				ORGANIZATIONNAME = "Tom LePage";
			};
			buildConfigurationList = 0DF185C4161CC76600F14C90 /* Build configuration list for PBXProject "TouchTracker" */;
			compatibilityVersion = "Xcode 3.2";
			developmentRegion = English;
			hasScannedForEncodings = 0;
			knownRegions = (
				en,
			);
			mainGroup = 0DF185BF161CC76600F14C90;
			productRefGroup = 0DF185CB161CC76600F14C90 /* Products */;
			projectDirPath = "";
			projectRoot = "";
			targets = (
				0DF185C9161CC76600F14C90 /* TouchTracker */,
			);
		};
/* End PBXProject section */

/* Begin PBXResourcesBuildPhase section */
		0DF185C8161CC76600F14C90 /* Resources */ = {
			isa = PBXResourcesBuildPhase;
			buildActionMask = 2147483647;
			files = (
				0DF185D9161CC76600F14C90 /* InfoPlist.strings in Resources */,
				0DF185E1161CC76600F14C90 /* Default.png in Resources */,
				0DF185E3161CC76600F14C90 /* Default@2x.png in Resources */,
				0DF185E5161CC76600F14C90 /* Default-568h@2x.png in Resources */,
			);
			runOnlyForDeploymentPostprocessing = 0;
		};
/* End PBXResourcesBuildPhase section */

/* Begin PBXSourcesBuildPhase section */
		0DF185C6161CC76600F14C90 /* Sources */ = {
			isa = PBXSourcesBuildPhase;
			buildActionMask = 2147483647;
			files = (
				0DF185DB161CC76600F14C90 /* main.m in Sources */,
				0DF185DF161CC76600F14C90 /* AppDelegate.m in Sources */,
				0DF185ED161CC7A300F14C90 /* Line.m in Sources */,
				0DF185F0161CC7E600F14C90 /* TouchDrawView.m in Sources */,
				0DF185F3161CC83D00F14C90 /* TouchViewController.m in Sources */,
			);
			runOnlyForDeploymentPostprocessing = 0;
		};
/* End PBXSourcesBuildPhase section */

/* Begin PBXVariantGroup section */
		0DF185D7161CC76600F14C90 /* InfoPlist.strings */ = {
			isa = PBXVariantGroup;
			children = (
				0DF185D8161CC76600F14C90 /* en */,
			);
			name = InfoPlist.strings;
			sourceTree = "<group>";
		};
/* End PBXVariantGroup section */

/* Begin XCBuildConfiguration section */
		0DF185E6161CC76600F14C90 /* Debug */ = {
			isa = XCBuildConfiguration;
			buildSettings = {
				ALWAYS_SEARCH_USER_PATHS = NO;
				CLANG_CXX_LANGUAGE_STANDARD = "gnu++0x";
				CLANG_CXX_LIBRARY = "libc++";
				CLANG_ENABLE_OBJC_ARC = YES;
				CLANG_WARN_EMPTY_BODY = YES;
				CLANG_WARN__DUPLICATE_METHOD_MATCH = YES;
				"CODE_SIGN_IDENTITY[sdk=iphoneos*]" = "iPhone Developer";
				COPY_PHASE_STRIP = NO;
				GCC_C_LANGUAGE_STANDARD = gnu99;
				GCC_DYNAMIC_NO_PIC = NO;
				GCC_OPTIMIZATION_LEVEL = 0;
				GCC_PREPROCESSOR_DEFINITIONS = (
					"DEBUG=1",
					"$(inherited)",
				);
				GCC_SYMBOLS_PRIVATE_EXTERN = NO;
				GCC_WARN_ABOUT_RETURN_TYPE = YES;
				GCC_WARN_UNINITIALIZED_AUTOS = YES;
				GCC_WARN_UNUSED_VARIABLE = YES;
				IPHONEOS_DEPLOYMENT_TARGET = 6.0;
				SDKROOT = iphoneos;
			};
			name = Debug;
		};
		0DF185E7161CC76600F14C90 /* Release */ = {
			isa = XCBuildConfiguration;
			buildSettings = {
				ALWAYS_SEARCH_USER_PATHS = NO;
				CLANG_CXX_LANGUAGE_STANDARD = "gnu++0x";
				CLANG_CXX_LIBRARY = "libc++";
				CLANG_ENABLE_OBJC_ARC = YES;
				CLANG_WARN_EMPTY_BODY = YES;
				CLANG_WARN__DUPLICATE_METHOD_MATCH = YES;
				"CODE_SIGN_IDENTITY[sdk=iphoneos*]" = "iPhone Developer";
				COPY_PHASE_STRIP = YES;
				GCC_C_LANGUAGE_STANDARD = gnu99;
				GCC_WARN_ABOUT_RETURN_TYPE = YES;
				GCC_WARN_UNINITIALIZED_AUTOS = YES;
				GCC_WARN_UNUSED_VARIABLE = YES;
				IPHONEOS_DEPLOYMENT_TARGET = 6.0;
				OTHER_CFLAGS = "-DNS_BLOCK_ASSERTIONS=1";
				SDKROOT = iphoneos;
				VALIDATE_PRODUCT = YES;
			};
			name = Release;
		};
		0DF185E9161CC76600F14C90 /* Debug */ = {
			isa = XCBuildConfiguration;
			buildSettings = {
				GCC_PRECOMPILE_PREFIX_HEADER = YES;
				GCC_PREFIX_HEADER = "TouchTracker/TouchTracker-Prefix.pch";
				INFOPLIST_FILE = "TouchTracker/TouchTracker-Info.plist";
				PRODUCT_NAME = "$(TARGET_NAME)";
				WRAPPER_EXTENSION = app;
			};
			name = Debug;
		};
		0DF185EA161CC76600F14C90 /* Release */ = {
			isa = XCBuildConfiguration;
			buildSettings = {
				GCC_PRECOMPILE_PREFIX_HEADER = YES;
				GCC_PREFIX_HEADER = "TouchTracker/TouchTracker-Prefix.pch";
				INFOPLIST_FILE = "TouchTracker/TouchTracker-Info.plist";
				PRODUCT_NAME = "$(TARGET_NAME)";
				WRAPPER_EXTENSION = app;
			};
			name = Release;
		};
/* End XCBuildConfiguration section */

/* Begin XCConfigurationList section */
		0DF185C4161CC76600F14C90 /* Build configuration list for PBXProject "TouchTracker" */ = {
			isa = XCConfigurationList;
			buildConfigurations = (
				0DF185E6161CC76600F14C90 /* Debug */,
				0DF185E7161CC76600F14C90 /* Release */,
			);
			defaultConfigurationIsVisible = 0;
			defaultConfigurationName = Release;
		};
		0DF185E8161CC76600F14C90 /* Build configuration list for PBXNativeTarget "TouchTracker" */ = {
			isa = XCConfigurationList;
			buildConfigurations = (
				0DF185E9161CC76600F14C90 /* Debug */,
				0DF185EA161CC76600F14C90 /* Release */,
			);
			defaultConfigurationIsVisible = 0;
		};
/* End XCConfigurationList section */
	};
	rootObject = 0DF185C1161CC76600F14C90 /* Project object */;
}
