// !$*UTF8*$!
{
	archiveVersion = 1;
	classes = {
	};
	objectVersion = 46;
	objects = {

/* Begin PBXBuildFile section */
		0DAE767415ED108D0062970A /* UIKit.framework in Frameworks */ = {isa = PBXBuildFile; fileRef = 0DAE767315ED108D0062970A /* UIKit.framework */; };
		0DAE767615ED108D0062970A /* Foundation.framework in Frameworks */ = {isa = PBXBuildFile; fileRef = 0DAE767515ED108D0062970A /* Foundation.framework */; };
		0DAE767815ED108D0062970A /* CoreGraphics.framework in Frameworks */ = {isa = PBXBuildFile; fileRef = 0DAE767715ED108D0062970A /* CoreGraphics.framework */; };
		0DAE767E15ED108D0062970A /* InfoPlist.strings in Resources */ = {isa = PBXBuildFile; fileRef = 0DAE767C15ED108D0062970A /* InfoPlist.strings */; };
		0DAE768015ED108D0062970A /* main.m in Sources */ = {isa = PBXBuildFile; fileRef = 0DAE767F15ED108D0062970A /* main.m */; };
		0DAE768415ED108D0062970A /* FieldButtonFunAppDelegate.m in Sources */ = {isa = PBXBuildFile; fileRef = 0DAE768315ED108D0062970A /* FieldButtonFunAppDelegate.m */; };
		0DAE768715ED108D0062970A /* MainStoryboard.storyboard in Resources */ = {isa = PBXBuildFile; fileRef = 0DAE768515ED108D0062970A /* MainStoryboard.storyboard */; };
		0DAE768A15ED108D0062970A /* FieldButtonFunViewController.m in Sources */ = {isa = PBXBuildFile; fileRef = 0DAE768915ED108D0062970A /* FieldButtonFunViewController.m */; };
		0DAE769215ED253A0062970A /* blueButton.png in Resources */ = {isa = PBXBuildFile; fileRef = 0DAE769015ED253A0062970A /* blueButton.png */; };
		0DAE769315ED253A0062970A /* whiteButton.png in Resources */ = {isa = PBXBuildFile; fileRef = 0DAE769115ED253A0062970A /* whiteButton.png */; };
/* End PBXBuildFile section */

/* Begin PBXFileReference section */
		0DAE766F15ED108D0062970A /* FieldButtonFun.app */ = {isa = PBXFileReference; explicitFileType = wrapper.application; includeInIndex = 0; path = FieldButtonFun.app; sourceTree = BUILT_PRODUCTS_DIR; };
		0DAE767315ED108D0062970A /* UIKit.framework */ = {isa = PBXFileReference; lastKnownFileType = wrapper.framework; name = UIKit.framework; path = System/Library/Frameworks/UIKit.framework; sourceTree = SDKROOT; };
		0DAE767515ED108D0062970A /* Foundation.framework */ = {isa = PBXFileReference; lastKnownFileType = wrapper.framework; name = Foundation.framework; path = System/Library/Frameworks/Foundation.framework; sourceTree = SDKROOT; };
		0DAE767715ED108D0062970A /* CoreGraphics.framework */ = {isa = PBXFileReference; lastKnownFileType = wrapper.framework; name = CoreGraphics.framework; path = System/Library/Frameworks/CoreGraphics.framework; sourceTree = SDKROOT; };
		0DAE767B15ED108D0062970A /* FieldButtonFun-Info.plist */ = {isa = PBXFileReference; lastKnownFileType = text.plist.xml; path = "FieldButtonFun-Info.plist"; sourceTree = "<group>"; };
		0DAE767D15ED108D0062970A /* en */ = {isa = PBXFileReference; lastKnownFileType = text.plist.strings; name = en; path = en.lproj/InfoPlist.strings; sourceTree = "<group>"; };
		0DAE767F15ED108D0062970A /* main.m */ = {isa = PBXFileReference; lastKnownFileType = sourcecode.c.objc; path = main.m; sourceTree = "<group>"; };
		0DAE768115ED108D0062970A /* FieldButtonFun-Prefix.pch */ = {isa = PBXFileReference; lastKnownFileType = sourcecode.c.h; path = "FieldButtonFun-Prefix.pch"; sourceTree = "<group>"; };
		0DAE768215ED108D0062970A /* FieldButtonFunAppDelegate.h */ = {isa = PBXFileReference; lastKnownFileType = sourcecode.c.h; path = FieldButtonFunAppDelegate.h; sourceTree = "<group>"; };
		0DAE768315ED108D0062970A /* FieldButtonFunAppDelegate.m */ = {isa = PBXFileReference; lastKnownFileType = sourcecode.c.objc; path = FieldButtonFunAppDelegate.m; sourceTree = "<group>"; };
		0DAE768615ED108D0062970A /* en */ = {isa = PBXFileReference; lastKnownFileType = file.storyboard; name = en; path = en.lproj/MainStoryboard.storyboard; sourceTree = "<group>"; };
		0DAE768815ED108D0062970A /* FieldButtonFunViewController.h */ = {isa = PBXFileReference; lastKnownFileType = sourcecode.c.h; path = FieldButtonFunViewController.h; sourceTree = "<group>"; };
		0DAE768915ED108D0062970A /* FieldButtonFunViewController.m */ = {isa = PBXFileReference; lastKnownFileType = sourcecode.c.objc; path = FieldButtonFunViewController.m; sourceTree = "<group>"; };
		0DAE769015ED253A0062970A /* blueButton.png */ = {isa = PBXFileReference; lastKnownFileType = image.png; path = blueButton.png; sourceTree = "<group>"; };
		0DAE769115ED253A0062970A /* whiteButton.png */ = {isa = PBXFileReference; lastKnownFileType = image.png; path = whiteButton.png; sourceTree = "<group>"; };
/* End PBXFileReference section */

/* Begin PBXFrameworksBuildPhase section */
		0DAE766C15ED108D0062970A /* Frameworks */ = {
			isa = PBXFrameworksBuildPhase;
			buildActionMask = 2147483647;
			files = (
				0DAE767415ED108D0062970A /* UIKit.framework in Frameworks */,
				0DAE767615ED108D0062970A /* Foundation.framework in Frameworks */,
				0DAE767815ED108D0062970A /* CoreGraphics.framework in Frameworks */,
			);
			runOnlyForDeploymentPostprocessing = 0;
		};
/* End PBXFrameworksBuildPhase section */

/* Begin PBXGroup section */
		0DAE766415ED108D0062970A = {
			isa = PBXGroup;
			children = (
				0DAE767915ED108D0062970A /* FieldButtonFun */,
				0DAE767215ED108D0062970A /* Frameworks */,
				0DAE767015ED108D0062970A /* Products */,
			);
			sourceTree = "<group>";
		};
		0DAE767015ED108D0062970A /* Products */ = {
			isa = PBXGroup;
			children = (
				0DAE766F15ED108D0062970A /* FieldButtonFun.app */,
			);
			name = Products;
			sourceTree = "<group>";
		};
		0DAE767215ED108D0062970A /* Frameworks */ = {
			isa = PBXGroup;
			children = (
				0DAE767315ED108D0062970A /* UIKit.framework */,
				0DAE767515ED108D0062970A /* Foundation.framework */,
				0DAE767715ED108D0062970A /* CoreGraphics.framework */,
			);
			name = Frameworks;
			sourceTree = "<group>";
		};
		0DAE767915ED108D0062970A /* FieldButtonFun */ = {
			isa = PBXGroup;
			children = (
				0DAE768215ED108D0062970A /* FieldButtonFunAppDelegate.h */,
				0DAE769015ED253A0062970A /* blueButton.png */,
				0DAE769115ED253A0062970A /* whiteButton.png */,
				0DAE768315ED108D0062970A /* FieldButtonFunAppDelegate.m */,
				0DAE768515ED108D0062970A /* MainStoryboard.storyboard */,
				0DAE768815ED108D0062970A /* FieldButtonFunViewController.h */,
				0DAE768915ED108D0062970A /* FieldButtonFunViewController.m */,
				0DAE767A15ED108D0062970A /* Supporting Files */,
			);
			path = FieldButtonFun;
			sourceTree = "<group>";
		};
		0DAE767A15ED108D0062970A /* Supporting Files */ = {
			isa = PBXGroup;
			children = (
				0DAE767B15ED108D0062970A /* FieldButtonFun-Info.plist */,
				0DAE767C15ED108D0062970A /* InfoPlist.strings */,
				0DAE767F15ED108D0062970A /* main.m */,
				0DAE768115ED108D0062970A /* FieldButtonFun-Prefix.pch */,
			);
			name = "Supporting Files";
			sourceTree = "<group>";
		};
/* End PBXGroup section */

/* Begin PBXNativeTarget section */
		0DAE766E15ED108D0062970A /* FieldButtonFun */ = {
			isa = PBXNativeTarget;
			buildConfigurationList = 0DAE768D15ED108D0062970A /* Build configuration list for PBXNativeTarget "FieldButtonFun" */;
			buildPhases = (
				0DAE766B15ED108D0062970A /* Sources */,
				0DAE766C15ED108D0062970A /* Frameworks */,
				0DAE766D15ED108D0062970A /* Resources */,
			);
			buildRules = (
			);
			dependencies = (
			);
			name = FieldButtonFun;
			productName = FieldButtonFun;
			productReference = 0DAE766F15ED108D0062970A /* FieldButtonFun.app */;
			productType = "com.apple.product-type.application";
		};
/* End PBXNativeTarget section */

/* Begin PBXProject section */
		0DAE766615ED108D0062970A /* Project object */ = {
			isa = PBXProject;
			attributes = {
				CLASSPREFIX = FieldButtonFun;
				LastUpgradeCheck = 0440;
				ORGANIZATIONNAME = "Tom LePage";
			};
			buildConfigurationList = 0DAE766915ED108D0062970A /* Build configuration list for PBXProject "FieldButtonFun" */;
			compatibilityVersion = "Xcode 3.2";
			developmentRegion = English;
			hasScannedForEncodings = 0;
			knownRegions = (
				en,
			);
			mainGroup = 0DAE766415ED108D0062970A;
			productRefGroup = 0DAE767015ED108D0062970A /* Products */;
			projectDirPath = "";
			projectRoot = "";
			targets = (
				0DAE766E15ED108D0062970A /* FieldButtonFun */,
			);
		};
/* End PBXProject section */

/* Begin PBXResourcesBuildPhase section */
		0DAE766D15ED108D0062970A /* Resources */ = {
			isa = PBXResourcesBuildPhase;
			buildActionMask = 2147483647;
			files = (
				0DAE767E15ED108D0062970A /* InfoPlist.strings in Resources */,
				0DAE768715ED108D0062970A /* MainStoryboard.storyboard in Resources */,
				0DAE769215ED253A0062970A /* blueButton.png in Resources */,
				0DAE769315ED253A0062970A /* whiteButton.png in Resources */,
			);
			runOnlyForDeploymentPostprocessing = 0;
		};
/* End PBXResourcesBuildPhase section */

/* Begin PBXSourcesBuildPhase section */
		0DAE766B15ED108D0062970A /* Sources */ = {
			isa = PBXSourcesBuildPhase;
			buildActionMask = 2147483647;
			files = (
				0DAE768015ED108D0062970A /* main.m in Sources */,
				0DAE768415ED108D0062970A /* FieldButtonFunAppDelegate.m in Sources */,
				0DAE768A15ED108D0062970A /* FieldButtonFunViewController.m in Sources */,
			);
			runOnlyForDeploymentPostprocessing = 0;
		};
/* End PBXSourcesBuildPhase section */

/* Begin PBXVariantGroup section */
		0DAE767C15ED108D0062970A /* InfoPlist.strings */ = {
			isa = PBXVariantGroup;
			children = (
				0DAE767D15ED108D0062970A /* en */,
			);
			name = InfoPlist.strings;
			sourceTree = "<group>";
		};
		0DAE768515ED108D0062970A /* MainStoryboard.storyboard */ = {
			isa = PBXVariantGroup;
			children = (
				0DAE768615ED108D0062970A /* en */,
			);
			name = MainStoryboard.storyboard;
			sourceTree = "<group>";
		};
/* End PBXVariantGroup section */

/* Begin XCBuildConfiguration section */
		0DAE768B15ED108D0062970A /* Debug */ = {
			isa = XCBuildConfiguration;
			buildSettings = {
				ALWAYS_SEARCH_USER_PATHS = NO;
				ARCHS = "$(ARCHS_STANDARD_32_BIT)";
				CLANG_CXX_LANGUAGE_STANDARD = "gnu++0x";
				CLANG_ENABLE_OBJC_ARC = YES;
				CLANG_WARN__DUPLICATE_METHOD_MATCH = YES;
				"CODE_SIGN_IDENTITY[sdk=iphoneos*]" = "iPhone Developer";
				COPY_PHASE_STRIP = NO;
				GCC_C_LANGUAGE_STANDARD = gnu99;
				GCC_DYNAMIC_NO_PIC = NO;
				GCC_OPTIMIZATION_LEVEL = 0;
				GCC_PREPROCESSOR_DEFINITIONS = (
					"DEBUG=1",
					"$(inherited)",
				);
				GCC_SYMBOLS_PRIVATE_EXTERN = NO;
				GCC_VERSION = com.apple.compilers.llvm.clang.1_0;
				GCC_WARN_ABOUT_RETURN_TYPE = YES;
				GCC_WARN_UNINITIALIZED_AUTOS = YES;
				GCC_WARN_UNUSED_VARIABLE = YES;
				IPHONEOS_DEPLOYMENT_TARGET = 5.1;
				SDKROOT = iphoneos;
			};
			name = Debug;
		};
		0DAE768C15ED108D0062970A /* Release */ = {
			isa = XCBuildConfiguration;
			buildSettings = {
				ALWAYS_SEARCH_USER_PATHS = NO;
				ARCHS = "$(ARCHS_STANDARD_32_BIT)";
				CLANG_CXX_LANGUAGE_STANDARD = "gnu++0x";
				CLANG_ENABLE_OBJC_ARC = YES;
				CLANG_WARN__DUPLICATE_METHOD_MATCH = YES;
				"CODE_SIGN_IDENTITY[sdk=iphoneos*]" = "iPhone Developer";
				COPY_PHASE_STRIP = YES;
				GCC_C_LANGUAGE_STANDARD = gnu99;
				GCC_VERSION = com.apple.compilers.llvm.clang.1_0;
				GCC_WARN_ABOUT_RETURN_TYPE = YES;
				GCC_WARN_UNINITIALIZED_AUTOS = YES;
				GCC_WARN_UNUSED_VARIABLE = YES;
				IPHONEOS_DEPLOYMENT_TARGET = 5.1;
				OTHER_CFLAGS = "-DNS_BLOCK_ASSERTIONS=1";
				SDKROOT = iphoneos;
				VALIDATE_PRODUCT = YES;
			};
			name = Release;
		};
		0DAE768E15ED108D0062970A /* Debug */ = {
			isa = XCBuildConfiguration;
			buildSettings = {
				GCC_PRECOMPILE_PREFIX_HEADER = YES;
				GCC_PREFIX_HEADER = "FieldButtonFun/FieldButtonFun-Prefix.pch";
				INFOPLIST_FILE = "FieldButtonFun/FieldButtonFun-Info.plist";
				PRODUCT_NAME = "$(TARGET_NAME)";
				TARGETED_DEVICE_FAMILY = 1;
				WRAPPER_EXTENSION = app;
			};
			name = Debug;
		};
		0DAE768F15ED108D0062970A /* Release */ = {
			isa = XCBuildConfiguration;
			buildSettings = {
				GCC_PRECOMPILE_PREFIX_HEADER = YES;
				GCC_PREFIX_HEADER = "FieldButtonFun/FieldButtonFun-Prefix.pch";
				INFOPLIST_FILE = "FieldButtonFun/FieldButtonFun-Info.plist";
				PRODUCT_NAME = "$(TARGET_NAME)";
				TARGETED_DEVICE_FAMILY = 1;
				WRAPPER_EXTENSION = app;
			};
			name = Release;
		};
/* End XCBuildConfiguration section */

/* Begin XCConfigurationList section */
		0DAE766915ED108D0062970A /* Build configuration list for PBXProject "FieldButtonFun" */ = {
			isa = XCConfigurationList;
			buildConfigurations = (
				0DAE768B15ED108D0062970A /* Debug */,
				0DAE768C15ED108D0062970A /* Release */,
			);
			defaultConfigurationIsVisible = 0;
			defaultConfigurationName = Release;
		};
		0DAE768D15ED108D0062970A /* Build configuration list for PBXNativeTarget "FieldButtonFun" */ = {
			isa = XCConfigurationList;
			buildConfigurations = (
				0DAE768E15ED108D0062970A /* Debug */,
				0DAE768F15ED108D0062970A /* Release */,
			);
			defaultConfigurationIsVisible = 0;
		};
/* End XCConfigurationList section */
	};
	rootObject = 0DAE766615ED108D0062970A /* Project object */;
}
