// !$*UTF8*$!
{
	archiveVersion = 1;
	classes = {
	};
	objectVersion = 46;
	objects = {

/* Begin PBXBuildFile section */
		0D28F55815B5E3C6003A4739 /* UIKit.framework in Frameworks */ = {isa = PBXBuildFile; fileRef = 0D28F55715B5E3C6003A4739 /* UIKit.framework */; };
		0D28F55A15B5E3C6003A4739 /* Foundation.framework in Frameworks */ = {isa = PBXBuildFile; fileRef = 0D28F55915B5E3C6003A4739 /* Foundation.framework */; };
		0D28F55C15B5E3C6003A4739 /* CoreGraphics.framework in Frameworks */ = {isa = PBXBuildFile; fileRef = 0D28F55B15B5E3C6003A4739 /* CoreGraphics.framework */; };
		0D28F56215B5E3C6003A4739 /* InfoPlist.strings in Resources */ = {isa = PBXBuildFile; fileRef = 0D28F56015B5E3C6003A4739 /* InfoPlist.strings */; };
		0D28F56415B5E3C6003A4739 /* main.m in Sources */ = {isa = PBXBuildFile; fileRef = 0D28F56315B5E3C6003A4739 /* main.m */; };
		0D28F56815B5E3C7003A4739 /* PsychologistAppDelegate.m in Sources */ = {isa = PBXBuildFile; fileRef = 0D28F56715B5E3C7003A4739 /* PsychologistAppDelegate.m */; };
		0D28F56B15B5E3C7003A4739 /* iPhone.storyboard in Resources */ = {isa = PBXBuildFile; fileRef = 0D28F56915B5E3C7003A4739 /* iPhone.storyboard */; };
		0D28F56E15B5E3C7003A4739 /* PsychologistViewController.m in Sources */ = {isa = PBXBuildFile; fileRef = 0D28F56D15B5E3C7003A4739 /* PsychologistViewController.m */; };
		0D28F57815B5E5F6003A4739 /* FaceView.m in Sources */ = {isa = PBXBuildFile; fileRef = 0D28F57515B5E5F6003A4739 /* FaceView.m */; };
		0D28F57915B5E5F6003A4739 /* HappinessViewController.m in Sources */ = {isa = PBXBuildFile; fileRef = 0D28F57715B5E5F6003A4739 /* HappinessViewController.m */; };
		0D28F57C15B60B41003A4739 /* RotatableViewController.m in Sources */ = {isa = PBXBuildFile; fileRef = 0D28F57B15B60B41003A4739 /* RotatableViewController.m */; };
		0D28F57E15B60D0F003A4739 /* iPad.storyboard in Resources */ = {isa = PBXBuildFile; fileRef = 0D28F57D15B60D0F003A4739 /* iPad.storyboard */; };
/* End PBXBuildFile section */

/* Begin PBXFileReference section */
		0D28F55315B5E3C6003A4739 /* Psychologist.app */ = {isa = PBXFileReference; explicitFileType = wrapper.application; includeInIndex = 0; path = Psychologist.app; sourceTree = BUILT_PRODUCTS_DIR; };
		0D28F55715B5E3C6003A4739 /* UIKit.framework */ = {isa = PBXFileReference; lastKnownFileType = wrapper.framework; name = UIKit.framework; path = System/Library/Frameworks/UIKit.framework; sourceTree = SDKROOT; };
		0D28F55915B5E3C6003A4739 /* Foundation.framework */ = {isa = PBXFileReference; lastKnownFileType = wrapper.framework; name = Foundation.framework; path = System/Library/Frameworks/Foundation.framework; sourceTree = SDKROOT; };
		0D28F55B15B5E3C6003A4739 /* CoreGraphics.framework */ = {isa = PBXFileReference; lastKnownFileType = wrapper.framework; name = CoreGraphics.framework; path = System/Library/Frameworks/CoreGraphics.framework; sourceTree = SDKROOT; };
		0D28F55F15B5E3C6003A4739 /* Psychologist-Info.plist */ = {isa = PBXFileReference; lastKnownFileType = text.plist.xml; path = "Psychologist-Info.plist"; sourceTree = "<group>"; };
		0D28F56115B5E3C6003A4739 /* en */ = {isa = PBXFileReference; lastKnownFileType = text.plist.strings; name = en; path = en.lproj/InfoPlist.strings; sourceTree = "<group>"; };
		0D28F56315B5E3C6003A4739 /* main.m */ = {isa = PBXFileReference; lastKnownFileType = sourcecode.c.objc; path = main.m; sourceTree = "<group>"; };
		0D28F56515B5E3C7003A4739 /* Psychologist-Prefix.pch */ = {isa = PBXFileReference; lastKnownFileType = sourcecode.c.h; path = "Psychologist-Prefix.pch"; sourceTree = "<group>"; };
		0D28F56615B5E3C7003A4739 /* PsychologistAppDelegate.h */ = {isa = PBXFileReference; lastKnownFileType = sourcecode.c.h; path = PsychologistAppDelegate.h; sourceTree = "<group>"; };
		0D28F56715B5E3C7003A4739 /* PsychologistAppDelegate.m */ = {isa = PBXFileReference; lastKnownFileType = sourcecode.c.objc; path = PsychologistAppDelegate.m; sourceTree = "<group>"; };
		0D28F56A15B5E3C7003A4739 /* en */ = {isa = PBXFileReference; lastKnownFileType = file.storyboard; name = en; path = en.lproj/iPhone.storyboard; sourceTree = "<group>"; };
		0D28F56C15B5E3C7003A4739 /* PsychologistViewController.h */ = {isa = PBXFileReference; lastKnownFileType = sourcecode.c.h; path = PsychologistViewController.h; sourceTree = "<group>"; };
		0D28F56D15B5E3C7003A4739 /* PsychologistViewController.m */ = {isa = PBXFileReference; lastKnownFileType = sourcecode.c.objc; path = PsychologistViewController.m; sourceTree = "<group>"; };
		0D28F57415B5E5F6003A4739 /* FaceView.h */ = {isa = PBXFileReference; fileEncoding = 4; lastKnownFileType = sourcecode.c.h; path = FaceView.h; sourceTree = "<group>"; };
		0D28F57515B5E5F6003A4739 /* FaceView.m */ = {isa = PBXFileReference; fileEncoding = 4; lastKnownFileType = sourcecode.c.objc; path = FaceView.m; sourceTree = "<group>"; };
		0D28F57615B5E5F6003A4739 /* HappinessViewController.h */ = {isa = PBXFileReference; fileEncoding = 4; lastKnownFileType = sourcecode.c.h; path = HappinessViewController.h; sourceTree = "<group>"; };
		0D28F57715B5E5F6003A4739 /* HappinessViewController.m */ = {isa = PBXFileReference; fileEncoding = 4; lastKnownFileType = sourcecode.c.objc; path = HappinessViewController.m; sourceTree = "<group>"; };
		0D28F57A15B60B41003A4739 /* RotatableViewController.h */ = {isa = PBXFileReference; fileEncoding = 4; lastKnownFileType = sourcecode.c.h; path = RotatableViewController.h; sourceTree = "<group>"; };
		0D28F57B15B60B41003A4739 /* RotatableViewController.m */ = {isa = PBXFileReference; fileEncoding = 4; lastKnownFileType = sourcecode.c.objc; path = RotatableViewController.m; sourceTree = "<group>"; };
		0D28F57D15B60D0F003A4739 /* iPad.storyboard */ = {isa = PBXFileReference; fileEncoding = 4; lastKnownFileType = file.storyboard; name = iPad.storyboard; path = ../iPad.storyboard; sourceTree = "<group>"; };
		0D28F57F15B65498003A4739 /* SplitViewBarButtonItemPresenter.h */ = {isa = PBXFileReference; fileEncoding = 4; lastKnownFileType = sourcecode.c.h; path = SplitViewBarButtonItemPresenter.h; sourceTree = "<group>"; };
/* End PBXFileReference section */

/* Begin PBXFrameworksBuildPhase section */
		0D28F55015B5E3C6003A4739 /* Frameworks */ = {
			isa = PBXFrameworksBuildPhase;
			buildActionMask = 2147483647;
			files = (
				0D28F55815B5E3C6003A4739 /* UIKit.framework in Frameworks */,
				0D28F55A15B5E3C6003A4739 /* Foundation.framework in Frameworks */,
				0D28F55C15B5E3C6003A4739 /* CoreGraphics.framework in Frameworks */,
			);
			runOnlyForDeploymentPostprocessing = 0;
		};
/* End PBXFrameworksBuildPhase section */

/* Begin PBXGroup section */
		0D28F54815B5E3C6003A4739 = {
			isa = PBXGroup;
			children = (
				0D28F55D15B5E3C6003A4739 /* Psychologist */,
				0D28F55615B5E3C6003A4739 /* Frameworks */,
				0D28F55415B5E3C6003A4739 /* Products */,
			);
			sourceTree = "<group>";
		};
		0D28F55415B5E3C6003A4739 /* Products */ = {
			isa = PBXGroup;
			children = (
				0D28F55315B5E3C6003A4739 /* Psychologist.app */,
			);
			name = Products;
			sourceTree = "<group>";
		};
		0D28F55615B5E3C6003A4739 /* Frameworks */ = {
			isa = PBXGroup;
			children = (
				0D28F55715B5E3C6003A4739 /* UIKit.framework */,
				0D28F55915B5E3C6003A4739 /* Foundation.framework */,
				0D28F55B15B5E3C6003A4739 /* CoreGraphics.framework */,
			);
			name = Frameworks;
			sourceTree = "<group>";
		};
		0D28F55D15B5E3C6003A4739 /* Psychologist */ = {
			isa = PBXGroup;
			children = (
				0D28F57D15B60D0F003A4739 /* iPad.storyboard */,
				0D28F57415B5E5F6003A4739 /* FaceView.h */,
				0D28F57515B5E5F6003A4739 /* FaceView.m */,
				0D28F57615B5E5F6003A4739 /* HappinessViewController.h */,
				0D28F57715B5E5F6003A4739 /* HappinessViewController.m */,
				0D28F56615B5E3C7003A4739 /* PsychologistAppDelegate.h */,
				0D28F56715B5E3C7003A4739 /* PsychologistAppDelegate.m */,
				0D28F56915B5E3C7003A4739 /* iPhone.storyboard */,
				0D28F57A15B60B41003A4739 /* RotatableViewController.h */,
				0D28F57B15B60B41003A4739 /* RotatableViewController.m */,
				0D28F57F15B65498003A4739 /* SplitViewBarButtonItemPresenter.h */,
				0D28F56C15B5E3C7003A4739 /* PsychologistViewController.h */,
				0D28F56D15B5E3C7003A4739 /* PsychologistViewController.m */,
				0D28F55E15B5E3C6003A4739 /* Supporting Files */,
			);
			path = Psychologist;
			sourceTree = "<group>";
		};
		0D28F55E15B5E3C6003A4739 /* Supporting Files */ = {
			isa = PBXGroup;
			children = (
				0D28F55F15B5E3C6003A4739 /* Psychologist-Info.plist */,
				0D28F56015B5E3C6003A4739 /* InfoPlist.strings */,
				0D28F56315B5E3C6003A4739 /* main.m */,
				0D28F56515B5E3C7003A4739 /* Psychologist-Prefix.pch */,
			);
			name = "Supporting Files";
			sourceTree = "<group>";
		};
/* End PBXGroup section */

/* Begin PBXNativeTarget section */
		0D28F55215B5E3C6003A4739 /* Psychologist */ = {
			isa = PBXNativeTarget;
			buildConfigurationList = 0D28F57115B5E3C7003A4739 /* Build configuration list for PBXNativeTarget "Psychologist" */;
			buildPhases = (
				0D28F54F15B5E3C6003A4739 /* Sources */,
				0D28F55015B5E3C6003A4739 /* Frameworks */,
				0D28F55115B5E3C6003A4739 /* Resources */,
			);
			buildRules = (
			);
			dependencies = (
			);
			name = Psychologist;
			productName = Psychologist;
			productReference = 0D28F55315B5E3C6003A4739 /* Psychologist.app */;
			productType = "com.apple.product-type.application";
		};
/* End PBXNativeTarget section */

/* Begin PBXProject section */
		0D28F54A15B5E3C6003A4739 /* Project object */ = {
			isa = PBXProject;
			attributes = {
				CLASSPREFIX = Psychologist;
				LastUpgradeCheck = 0430;
				ORGANIZATIONNAME = "Cash America Intl";
			};
			buildConfigurationList = 0D28F54D15B5E3C6003A4739 /* Build configuration list for PBXProject "Psychologist" */;
			compatibilityVersion = "Xcode 3.2";
			developmentRegion = English;
			hasScannedForEncodings = 0;
			knownRegions = (
				en,
			);
			mainGroup = 0D28F54815B5E3C6003A4739;
			productRefGroup = 0D28F55415B5E3C6003A4739 /* Products */;
			projectDirPath = "";
			projectRoot = "";
			targets = (
				0D28F55215B5E3C6003A4739 /* Psychologist */,
			);
		};
/* End PBXProject section */

/* Begin PBXResourcesBuildPhase section */
		0D28F55115B5E3C6003A4739 /* Resources */ = {
			isa = PBXResourcesBuildPhase;
			buildActionMask = 2147483647;
			files = (
				0D28F56215B5E3C6003A4739 /* InfoPlist.strings in Resources */,
				0D28F56B15B5E3C7003A4739 /* iPhone.storyboard in Resources */,
				0D28F57E15B60D0F003A4739 /* iPad.storyboard in Resources */,
			);
			runOnlyForDeploymentPostprocessing = 0;
		};
/* End PBXResourcesBuildPhase section */

/* Begin PBXSourcesBuildPhase section */
		0D28F54F15B5E3C6003A4739 /* Sources */ = {
			isa = PBXSourcesBuildPhase;
			buildActionMask = 2147483647;
			files = (
				0D28F56415B5E3C6003A4739 /* main.m in Sources */,
				0D28F56815B5E3C7003A4739 /* PsychologistAppDelegate.m in Sources */,
				0D28F56E15B5E3C7003A4739 /* PsychologistViewController.m in Sources */,
				0D28F57815B5E5F6003A4739 /* FaceView.m in Sources */,
				0D28F57915B5E5F6003A4739 /* HappinessViewController.m in Sources */,
				0D28F57C15B60B41003A4739 /* RotatableViewController.m in Sources */,
			);
			runOnlyForDeploymentPostprocessing = 0;
		};
/* End PBXSourcesBuildPhase section */

/* Begin PBXVariantGroup section */
		0D28F56015B5E3C6003A4739 /* InfoPlist.strings */ = {
			isa = PBXVariantGroup;
			children = (
				0D28F56115B5E3C6003A4739 /* en */,
			);
			name = InfoPlist.strings;
			sourceTree = "<group>";
		};
		0D28F56915B5E3C7003A4739 /* iPhone.storyboard */ = {
			isa = PBXVariantGroup;
			children = (
				0D28F56A15B5E3C7003A4739 /* en */,
			);
			name = iPhone.storyboard;
			sourceTree = "<group>";
		};
/* End PBXVariantGroup section */

/* Begin XCBuildConfiguration section */
		0D28F56F15B5E3C7003A4739 /* Debug */ = {
			isa = XCBuildConfiguration;
			buildSettings = {
				ALWAYS_SEARCH_USER_PATHS = NO;
				ARCHS = "$(ARCHS_STANDARD_32_BIT)";
				CLANG_ENABLE_OBJC_ARC = YES;
				"CODE_SIGN_IDENTITY[sdk=iphoneos*]" = "iPhone Developer";
				COPY_PHASE_STRIP = NO;
				GCC_C_LANGUAGE_STANDARD = gnu99;
				GCC_DYNAMIC_NO_PIC = NO;
				GCC_OPTIMIZATION_LEVEL = 0;
				GCC_PREPROCESSOR_DEFINITIONS = (
					"DEBUG=1",
					"$(inherited)",
				);
				GCC_SYMBOLS_PRIVATE_EXTERN = NO;
				GCC_VERSION = com.apple.compilers.llvm.clang.1_0;
				GCC_WARN_ABOUT_RETURN_TYPE = YES;
				GCC_WARN_UNINITIALIZED_AUTOS = YES;
				GCC_WARN_UNUSED_VARIABLE = YES;
				IPHONEOS_DEPLOYMENT_TARGET = 5.1;
				SDKROOT = iphoneos;
			};
			name = Debug;
		};
		0D28F57015B5E3C7003A4739 /* Release */ = {
			isa = XCBuildConfiguration;
			buildSettings = {
				ALWAYS_SEARCH_USER_PATHS = NO;
				ARCHS = "$(ARCHS_STANDARD_32_BIT)";
				CLANG_ENABLE_OBJC_ARC = YES;
				"CODE_SIGN_IDENTITY[sdk=iphoneos*]" = "iPhone Developer";
				COPY_PHASE_STRIP = YES;
				GCC_C_LANGUAGE_STANDARD = gnu99;
				GCC_VERSION = com.apple.compilers.llvm.clang.1_0;
				GCC_WARN_ABOUT_RETURN_TYPE = YES;
				GCC_WARN_UNINITIALIZED_AUTOS = YES;
				GCC_WARN_UNUSED_VARIABLE = YES;
				IPHONEOS_DEPLOYMENT_TARGET = 5.1;
				OTHER_CFLAGS = "-DNS_BLOCK_ASSERTIONS=1";
				SDKROOT = iphoneos;
				VALIDATE_PRODUCT = YES;
			};
			name = Release;
		};
		0D28F57215B5E3C7003A4739 /* Debug */ = {
			isa = XCBuildConfiguration;
			buildSettings = {
				GCC_PRECOMPILE_PREFIX_HEADER = YES;
				GCC_PREFIX_HEADER = "Psychologist/Psychologist-Prefix.pch";
				INFOPLIST_FILE = "Psychologist/Psychologist-Info.plist";
				IPHONEOS_DEPLOYMENT_TARGET = 5.1;
				PRODUCT_NAME = "$(TARGET_NAME)";
				TARGETED_DEVICE_FAMILY = "1,2";
				WRAPPER_EXTENSION = app;
			};
			name = Debug;
		};
		0D28F57315B5E3C7003A4739 /* Release */ = {
			isa = XCBuildConfiguration;
			buildSettings = {
				GCC_PRECOMPILE_PREFIX_HEADER = YES;
				GCC_PREFIX_HEADER = "Psychologist/Psychologist-Prefix.pch";
				INFOPLIST_FILE = "Psychologist/Psychologist-Info.plist";
				IPHONEOS_DEPLOYMENT_TARGET = 5.1;
				PRODUCT_NAME = "$(TARGET_NAME)";
				TARGETED_DEVICE_FAMILY = "1,2";
				WRAPPER_EXTENSION = app;
			};
			name = Release;
		};
/* End XCBuildConfiguration section */

/* Begin XCConfigurationList section */
		0D28F54D15B5E3C6003A4739 /* Build configuration list for PBXProject "Psychologist" */ = {
			isa = XCConfigurationList;
			buildConfigurations = (
				0D28F56F15B5E3C7003A4739 /* Debug */,
				0D28F57015B5E3C7003A4739 /* Release */,
			);
			defaultConfigurationIsVisible = 0;
			defaultConfigurationName = Release;
		};
		0D28F57115B5E3C7003A4739 /* Build configuration list for PBXNativeTarget "Psychologist" */ = {
			isa = XCConfigurationList;
			buildConfigurations = (
				0D28F57215B5E3C7003A4739 /* Debug */,
				0D28F57315B5E3C7003A4739 /* Release */,
			);
			defaultConfigurationIsVisible = 0;
		};
/* End XCConfigurationList section */
	};
	rootObject = 0D28F54A15B5E3C6003A4739 /* Project object */;
}
