// !$*UTF8*$!
{
	archiveVersion = 1;
	classes = {
	};
	objectVersion = 46;
	objects = {

/* Begin PBXBuildFile section */
		0D50794D15AF6C9B006EC878 /* CalculatorBrain.m in Sources */ = {isa = PBXBuildFile; fileRef = 0D50794C15AF6C9B006EC878 /* CalculatorBrain.m */; };
		0DEE2B2215AE7C3C00953EF6 /* UIKit.framework in Frameworks */ = {isa = PBXBuildFile; fileRef = 0DEE2B2115AE7C3C00953EF6 /* UIKit.framework */; };
		0DEE2B2415AE7C3C00953EF6 /* Foundation.framework in Frameworks */ = {isa = PBXBuildFile; fileRef = 0DEE2B2315AE7C3C00953EF6 /* Foundation.framework */; };
		0DEE2B2615AE7C3C00953EF6 /* CoreGraphics.framework in Frameworks */ = {isa = PBXBuildFile; fileRef = 0DEE2B2515AE7C3C00953EF6 /* CoreGraphics.framework */; };
		0DEE2B2C15AE7C3C00953EF6 /* InfoPlist.strings in Resources */ = {isa = PBXBuildFile; fileRef = 0DEE2B2A15AE7C3C00953EF6 /* InfoPlist.strings */; };
		0DEE2B2E15AE7C3C00953EF6 /* main.m in Sources */ = {isa = PBXBuildFile; fileRef = 0DEE2B2D15AE7C3C00953EF6 /* main.m */; };
		0DEE2B3215AE7C3C00953EF6 /* CalculatorAppDelegate.m in Sources */ = {isa = PBXBuildFile; fileRef = 0DEE2B3115AE7C3C00953EF6 /* CalculatorAppDelegate.m */; };
		0DEE2B3515AE7C3C00953EF6 /* MainStoryboard.storyboard in Resources */ = {isa = PBXBuildFile; fileRef = 0DEE2B3315AE7C3C00953EF6 /* MainStoryboard.storyboard */; };
		0DEE2B3815AE7C3C00953EF6 /* CalculatorViewController.m in Sources */ = {isa = PBXBuildFile; fileRef = 0DEE2B3715AE7C3C00953EF6 /* CalculatorViewController.m */; };
/* End PBXBuildFile section */

/* Begin PBXFileReference section */
		0D50794B15AF6C9B006EC878 /* CalculatorBrain.h */ = {isa = PBXFileReference; fileEncoding = 4; lastKnownFileType = sourcecode.c.h; path = CalculatorBrain.h; sourceTree = "<group>"; };
		0D50794C15AF6C9B006EC878 /* CalculatorBrain.m */ = {isa = PBXFileReference; fileEncoding = 4; lastKnownFileType = sourcecode.c.objc; path = CalculatorBrain.m; sourceTree = "<group>"; };
		0DEE2B1D15AE7C3C00953EF6 /* Calculator.app */ = {isa = PBXFileReference; explicitFileType = wrapper.application; includeInIndex = 0; path = Calculator.app; sourceTree = BUILT_PRODUCTS_DIR; };
		0DEE2B2115AE7C3C00953EF6 /* UIKit.framework */ = {isa = PBXFileReference; lastKnownFileType = wrapper.framework; name = UIKit.framework; path = System/Library/Frameworks/UIKit.framework; sourceTree = SDKROOT; };
		0DEE2B2315AE7C3C00953EF6 /* Foundation.framework */ = {isa = PBXFileReference; lastKnownFileType = wrapper.framework; name = Foundation.framework; path = System/Library/Frameworks/Foundation.framework; sourceTree = SDKROOT; };
		0DEE2B2515AE7C3C00953EF6 /* CoreGraphics.framework */ = {isa = PBXFileReference; lastKnownFileType = wrapper.framework; name = CoreGraphics.framework; path = System/Library/Frameworks/CoreGraphics.framework; sourceTree = SDKROOT; };
		0DEE2B2915AE7C3C00953EF6 /* Calculator-Info.plist */ = {isa = PBXFileReference; lastKnownFileType = text.plist.xml; path = "Calculator-Info.plist"; sourceTree = "<group>"; };
		0DEE2B2B15AE7C3C00953EF6 /* en */ = {isa = PBXFileReference; lastKnownFileType = text.plist.strings; name = en; path = en.lproj/InfoPlist.strings; sourceTree = "<group>"; };
		0DEE2B2D15AE7C3C00953EF6 /* main.m */ = {isa = PBXFileReference; lastKnownFileType = sourcecode.c.objc; path = main.m; sourceTree = "<group>"; };
		0DEE2B2F15AE7C3C00953EF6 /* Calculator-Prefix.pch */ = {isa = PBXFileReference; lastKnownFileType = sourcecode.c.h; path = "Calculator-Prefix.pch"; sourceTree = "<group>"; };
		0DEE2B3015AE7C3C00953EF6 /* CalculatorAppDelegate.h */ = {isa = PBXFileReference; lastKnownFileType = sourcecode.c.h; path = CalculatorAppDelegate.h; sourceTree = "<group>"; };
		0DEE2B3115AE7C3C00953EF6 /* CalculatorAppDelegate.m */ = {isa = PBXFileReference; lastKnownFileType = sourcecode.c.objc; path = CalculatorAppDelegate.m; sourceTree = "<group>"; };
		0DEE2B3415AE7C3C00953EF6 /* en */ = {isa = PBXFileReference; lastKnownFileType = file.storyboard; name = en; path = en.lproj/MainStoryboard.storyboard; sourceTree = "<group>"; };
		0DEE2B3615AE7C3C00953EF6 /* CalculatorViewController.h */ = {isa = PBXFileReference; lastKnownFileType = sourcecode.c.h; path = CalculatorViewController.h; sourceTree = "<group>"; };
		0DEE2B3715AE7C3C00953EF6 /* CalculatorViewController.m */ = {isa = PBXFileReference; lastKnownFileType = sourcecode.c.objc; path = CalculatorViewController.m; sourceTree = "<group>"; };
/* End PBXFileReference section */

/* Begin PBXFrameworksBuildPhase section */
		0DEE2B1A15AE7C3C00953EF6 /* Frameworks */ = {
			isa = PBXFrameworksBuildPhase;
			buildActionMask = 2147483647;
			files = (
				0DEE2B2215AE7C3C00953EF6 /* UIKit.framework in Frameworks */,
				0DEE2B2415AE7C3C00953EF6 /* Foundation.framework in Frameworks */,
				0DEE2B2615AE7C3C00953EF6 /* CoreGraphics.framework in Frameworks */,
			);
			runOnlyForDeploymentPostprocessing = 0;
		};
/* End PBXFrameworksBuildPhase section */

/* Begin PBXGroup section */
		0DEE2B1215AE7C3C00953EF6 = {
			isa = PBXGroup;
			children = (
				0DEE2B2715AE7C3C00953EF6 /* Calculator */,
				0DEE2B2015AE7C3C00953EF6 /* Frameworks */,
				0DEE2B1E15AE7C3C00953EF6 /* Products */,
			);
			sourceTree = "<group>";
		};
		0DEE2B1E15AE7C3C00953EF6 /* Products */ = {
			isa = PBXGroup;
			children = (
				0DEE2B1D15AE7C3C00953EF6 /* Calculator.app */,
			);
			name = Products;
			sourceTree = "<group>";
		};
		0DEE2B2015AE7C3C00953EF6 /* Frameworks */ = {
			isa = PBXGroup;
			children = (
				0DEE2B2115AE7C3C00953EF6 /* UIKit.framework */,
				0DEE2B2315AE7C3C00953EF6 /* Foundation.framework */,
				0DEE2B2515AE7C3C00953EF6 /* CoreGraphics.framework */,
			);
			name = Frameworks;
			sourceTree = "<group>";
		};
		0DEE2B2715AE7C3C00953EF6 /* Calculator */ = {
			isa = PBXGroup;
			children = (
				0DEE2B3015AE7C3C00953EF6 /* CalculatorAppDelegate.h */,
				0DEE2B3115AE7C3C00953EF6 /* CalculatorAppDelegate.m */,
				0DEE2B3315AE7C3C00953EF6 /* MainStoryboard.storyboard */,
				0D50794B15AF6C9B006EC878 /* CalculatorBrain.h */,
				0D50794C15AF6C9B006EC878 /* CalculatorBrain.m */,
				0DEE2B3615AE7C3C00953EF6 /* CalculatorViewController.h */,
				0DEE2B3715AE7C3C00953EF6 /* CalculatorViewController.m */,
				0DEE2B2815AE7C3C00953EF6 /* Supporting Files */,
			);
			path = Calculator;
			sourceTree = "<group>";
		};
		0DEE2B2815AE7C3C00953EF6 /* Supporting Files */ = {
			isa = PBXGroup;
			children = (
				0DEE2B2915AE7C3C00953EF6 /* Calculator-Info.plist */,
				0DEE2B2A15AE7C3C00953EF6 /* InfoPlist.strings */,
				0DEE2B2D15AE7C3C00953EF6 /* main.m */,
				0DEE2B2F15AE7C3C00953EF6 /* Calculator-Prefix.pch */,
			);
			name = "Supporting Files";
			sourceTree = "<group>";
		};
/* End PBXGroup section */

/* Begin PBXNativeTarget section */
		0DEE2B1C15AE7C3C00953EF6 /* Calculator */ = {
			isa = PBXNativeTarget;
			buildConfigurationList = 0DEE2B3B15AE7C3C00953EF6 /* Build configuration list for PBXNativeTarget "Calculator" */;
			buildPhases = (
				0DEE2B1915AE7C3C00953EF6 /* Sources */,
				0DEE2B1A15AE7C3C00953EF6 /* Frameworks */,
				0DEE2B1B15AE7C3C00953EF6 /* Resources */,
			);
			buildRules = (
			);
			dependencies = (
			);
			name = Calculator;
			productName = Calculator;
			productReference = 0DEE2B1D15AE7C3C00953EF6 /* Calculator.app */;
			productType = "com.apple.product-type.application";
		};
/* End PBXNativeTarget section */

/* Begin PBXProject section */
		0DEE2B1415AE7C3C00953EF6 /* Project object */ = {
			isa = PBXProject;
			attributes = {
				CLASSPREFIX = Calculator;
				LastUpgradeCheck = 0430;
				ORGANIZATIONNAME = "Cash America Intl";
			};
			buildConfigurationList = 0DEE2B1715AE7C3C00953EF6 /* Build configuration list for PBXProject "Calculator" */;
			compatibilityVersion = "Xcode 3.2";
			developmentRegion = English;
			hasScannedForEncodings = 0;
			knownRegions = (
				en,
			);
			mainGroup = 0DEE2B1215AE7C3C00953EF6;
			productRefGroup = 0DEE2B1E15AE7C3C00953EF6 /* Products */;
			projectDirPath = "";
			projectRoot = "";
			targets = (
				0DEE2B1C15AE7C3C00953EF6 /* Calculator */,
			);
		};
/* End PBXProject section */

/* Begin PBXResourcesBuildPhase section */
		0DEE2B1B15AE7C3C00953EF6 /* Resources */ = {
			isa = PBXResourcesBuildPhase;
			buildActionMask = 2147483647;
			files = (
				0DEE2B2C15AE7C3C00953EF6 /* InfoPlist.strings in Resources */,
				0DEE2B3515AE7C3C00953EF6 /* MainStoryboard.storyboard in Resources */,
			);
			runOnlyForDeploymentPostprocessing = 0;
		};
/* End PBXResourcesBuildPhase section */

/* Begin PBXSourcesBuildPhase section */
		0DEE2B1915AE7C3C00953EF6 /* Sources */ = {
			isa = PBXSourcesBuildPhase;
			buildActionMask = 2147483647;
			files = (
				0DEE2B2E15AE7C3C00953EF6 /* main.m in Sources */,
				0DEE2B3215AE7C3C00953EF6 /* CalculatorAppDelegate.m in Sources */,
				0DEE2B3815AE7C3C00953EF6 /* CalculatorViewController.m in Sources */,
				0D50794D15AF6C9B006EC878 /* CalculatorBrain.m in Sources */,
			);
			runOnlyForDeploymentPostprocessing = 0;
		};
/* End PBXSourcesBuildPhase section */

/* Begin PBXVariantGroup section */
		0DEE2B2A15AE7C3C00953EF6 /* InfoPlist.strings */ = {
			isa = PBXVariantGroup;
			children = (
				0DEE2B2B15AE7C3C00953EF6 /* en */,
			);
			name = InfoPlist.strings;
			sourceTree = "<group>";
		};
		0DEE2B3315AE7C3C00953EF6 /* MainStoryboard.storyboard */ = {
			isa = PBXVariantGroup;
			children = (
				0DEE2B3415AE7C3C00953EF6 /* en */,
			);
			name = MainStoryboard.storyboard;
			sourceTree = "<group>";
		};
/* End PBXVariantGroup section */

/* Begin XCBuildConfiguration section */
		0DEE2B3915AE7C3C00953EF6 /* Debug */ = {
			isa = XCBuildConfiguration;
			buildSettings = {
				ALWAYS_SEARCH_USER_PATHS = NO;
				ARCHS = "$(ARCHS_STANDARD_32_BIT)";
				CLANG_ENABLE_OBJC_ARC = YES;
				"CODE_SIGN_IDENTITY[sdk=iphoneos*]" = "iPhone Developer";
				COPY_PHASE_STRIP = NO;
				GCC_C_LANGUAGE_STANDARD = gnu99;
				GCC_DYNAMIC_NO_PIC = NO;
				GCC_OPTIMIZATION_LEVEL = 0;
				GCC_PREPROCESSOR_DEFINITIONS = (
					"DEBUG=1",
					"$(inherited)",
				);
				GCC_SYMBOLS_PRIVATE_EXTERN = NO;
				GCC_VERSION = com.apple.compilers.llvm.clang.1_0;
				GCC_WARN_ABOUT_RETURN_TYPE = YES;
				GCC_WARN_UNINITIALIZED_AUTOS = YES;
				GCC_WARN_UNUSED_VARIABLE = YES;
				IPHONEOS_DEPLOYMENT_TARGET = 5.1;
				SDKROOT = iphoneos;
			};
			name = Debug;
		};
		0DEE2B3A15AE7C3C00953EF6 /* Release */ = {
			isa = XCBuildConfiguration;
			buildSettings = {
				ALWAYS_SEARCH_USER_PATHS = NO;
				ARCHS = "$(ARCHS_STANDARD_32_BIT)";
				CLANG_ENABLE_OBJC_ARC = YES;
				"CODE_SIGN_IDENTITY[sdk=iphoneos*]" = "iPhone Developer";
				COPY_PHASE_STRIP = YES;
				GCC_C_LANGUAGE_STANDARD = gnu99;
				GCC_VERSION = com.apple.compilers.llvm.clang.1_0;
				GCC_WARN_ABOUT_RETURN_TYPE = YES;
				GCC_WARN_UNINITIALIZED_AUTOS = YES;
				GCC_WARN_UNUSED_VARIABLE = YES;
				IPHONEOS_DEPLOYMENT_TARGET = 5.1;
				OTHER_CFLAGS = "-DNS_BLOCK_ASSERTIONS=1";
				SDKROOT = iphoneos;
				VALIDATE_PRODUCT = YES;
			};
			name = Release;
		};
		0DEE2B3C15AE7C3C00953EF6 /* Debug */ = {
			isa = XCBuildConfiguration;
			buildSettings = {
				GCC_PRECOMPILE_PREFIX_HEADER = YES;
				GCC_PREFIX_HEADER = "Calculator/Calculator-Prefix.pch";
				INFOPLIST_FILE = "Calculator/Calculator-Info.plist";
				PRODUCT_NAME = "$(TARGET_NAME)";
				WRAPPER_EXTENSION = app;
			};
			name = Debug;
		};
		0DEE2B3D15AE7C3C00953EF6 /* Release */ = {
			isa = XCBuildConfiguration;
			buildSettings = {
				GCC_PRECOMPILE_PREFIX_HEADER = YES;
				GCC_PREFIX_HEADER = "Calculator/Calculator-Prefix.pch";
				INFOPLIST_FILE = "Calculator/Calculator-Info.plist";
				PRODUCT_NAME = "$(TARGET_NAME)";
				WRAPPER_EXTENSION = app;
			};
			name = Release;
		};
/* End XCBuildConfiguration section */

/* Begin XCConfigurationList section */
		0DEE2B1715AE7C3C00953EF6 /* Build configuration list for PBXProject "Calculator" */ = {
			isa = XCConfigurationList;
			buildConfigurations = (
				0DEE2B3915AE7C3C00953EF6 /* Debug */,
				0DEE2B3A15AE7C3C00953EF6 /* Release */,
			);
			defaultConfigurationIsVisible = 0;
			defaultConfigurationName = Release;
		};
		0DEE2B3B15AE7C3C00953EF6 /* Build configuration list for PBXNativeTarget "Calculator" */ = {
			isa = XCConfigurationList;
			buildConfigurations = (
				0DEE2B3C15AE7C3C00953EF6 /* Debug */,
				0DEE2B3D15AE7C3C00953EF6 /* Release */,
			);
			defaultConfigurationIsVisible = 0;
			defaultConfigurationName = Release;
		};
/* End XCConfigurationList section */
	};
	rootObject = 0DEE2B1415AE7C3C00953EF6 /* Project object */;
}
