// !$*UTF8*$!
{
	archiveVersion = 1;
	classes = {
	};
	objectVersion = 46;
	objects = {

/* Begin PBXBuildFile section */
		0D7DF4C515EF920700084FA9 /* UIKit.framework in Frameworks */ = {isa = PBXBuildFile; fileRef = 0D7DF4C415EF920700084FA9 /* UIKit.framework */; };
		0D7DF4C715EF920700084FA9 /* Foundation.framework in Frameworks */ = {isa = PBXBuildFile; fileRef = 0D7DF4C615EF920700084FA9 /* Foundation.framework */; };
		0D7DF4C915EF920700084FA9 /* CoreGraphics.framework in Frameworks */ = {isa = PBXBuildFile; fileRef = 0D7DF4C815EF920700084FA9 /* CoreGraphics.framework */; };
		0D7DF4CF15EF920700084FA9 /* InfoPlist.strings in Resources */ = {isa = PBXBuildFile; fileRef = 0D7DF4CD15EF920700084FA9 /* InfoPlist.strings */; };
		0D7DF4D115EF920700084FA9 /* main.m in Sources */ = {isa = PBXBuildFile; fileRef = 0D7DF4D015EF920700084FA9 /* main.m */; };
		0D7DF4D515EF920700084FA9 /* ModalEditorAppDelegate.m in Sources */ = {isa = PBXBuildFile; fileRef = 0D7DF4D415EF920700084FA9 /* ModalEditorAppDelegate.m */; };
		0D7DF4D815EF920700084FA9 /* MainStoryboard.storyboard in Resources */ = {isa = PBXBuildFile; fileRef = 0D7DF4D615EF920700084FA9 /* MainStoryboard.storyboard */; };
		0D7DF4DB15EF920700084FA9 /* ModalEditorViewController.m in Sources */ = {isa = PBXBuildFile; fileRef = 0D7DF4DA15EF920700084FA9 /* ModalEditorViewController.m */; };
		0D7DF4E315EF928100084FA9 /* EditorViewController.m in Sources */ = {isa = PBXBuildFile; fileRef = 0D7DF4E215EF928100084FA9 /* EditorViewController.m */; };
/* End PBXBuildFile section */

/* Begin PBXFileReference section */
		0D7DF4C015EF920700084FA9 /* ModalEditor.app */ = {isa = PBXFileReference; explicitFileType = wrapper.application; includeInIndex = 0; path = ModalEditor.app; sourceTree = BUILT_PRODUCTS_DIR; };
		0D7DF4C415EF920700084FA9 /* UIKit.framework */ = {isa = PBXFileReference; lastKnownFileType = wrapper.framework; name = UIKit.framework; path = System/Library/Frameworks/UIKit.framework; sourceTree = SDKROOT; };
		0D7DF4C615EF920700084FA9 /* Foundation.framework */ = {isa = PBXFileReference; lastKnownFileType = wrapper.framework; name = Foundation.framework; path = System/Library/Frameworks/Foundation.framework; sourceTree = SDKROOT; };
		0D7DF4C815EF920700084FA9 /* CoreGraphics.framework */ = {isa = PBXFileReference; lastKnownFileType = wrapper.framework; name = CoreGraphics.framework; path = System/Library/Frameworks/CoreGraphics.framework; sourceTree = SDKROOT; };
		0D7DF4CC15EF920700084FA9 /* ModalEditor-Info.plist */ = {isa = PBXFileReference; lastKnownFileType = text.plist.xml; path = "ModalEditor-Info.plist"; sourceTree = "<group>"; };
		0D7DF4CE15EF920700084FA9 /* en */ = {isa = PBXFileReference; lastKnownFileType = text.plist.strings; name = en; path = en.lproj/InfoPlist.strings; sourceTree = "<group>"; };
		0D7DF4D015EF920700084FA9 /* main.m */ = {isa = PBXFileReference; lastKnownFileType = sourcecode.c.objc; path = main.m; sourceTree = "<group>"; };
		0D7DF4D215EF920700084FA9 /* ModalEditor-Prefix.pch */ = {isa = PBXFileReference; lastKnownFileType = sourcecode.c.h; path = "ModalEditor-Prefix.pch"; sourceTree = "<group>"; };
		0D7DF4D315EF920700084FA9 /* ModalEditorAppDelegate.h */ = {isa = PBXFileReference; lastKnownFileType = sourcecode.c.h; path = ModalEditorAppDelegate.h; sourceTree = "<group>"; };
		0D7DF4D415EF920700084FA9 /* ModalEditorAppDelegate.m */ = {isa = PBXFileReference; lastKnownFileType = sourcecode.c.objc; path = ModalEditorAppDelegate.m; sourceTree = "<group>"; };
		0D7DF4D715EF920700084FA9 /* en */ = {isa = PBXFileReference; lastKnownFileType = file.storyboard; name = en; path = en.lproj/MainStoryboard.storyboard; sourceTree = "<group>"; };
		0D7DF4D915EF920700084FA9 /* ModalEditorViewController.h */ = {isa = PBXFileReference; lastKnownFileType = sourcecode.c.h; path = ModalEditorViewController.h; sourceTree = "<group>"; };
		0D7DF4DA15EF920700084FA9 /* ModalEditorViewController.m */ = {isa = PBXFileReference; lastKnownFileType = sourcecode.c.objc; path = ModalEditorViewController.m; sourceTree = "<group>"; };
		0D7DF4E115EF928100084FA9 /* EditorViewController.h */ = {isa = PBXFileReference; fileEncoding = 4; lastKnownFileType = sourcecode.c.h; path = EditorViewController.h; sourceTree = "<group>"; };
		0D7DF4E215EF928100084FA9 /* EditorViewController.m */ = {isa = PBXFileReference; fileEncoding = 4; lastKnownFileType = sourcecode.c.objc; path = EditorViewController.m; sourceTree = "<group>"; };
/* End PBXFileReference section */

/* Begin PBXFrameworksBuildPhase section */
		0D7DF4BD15EF920700084FA9 /* Frameworks */ = {
			isa = PBXFrameworksBuildPhase;
			buildActionMask = 2147483647;
			files = (
				0D7DF4C515EF920700084FA9 /* UIKit.framework in Frameworks */,
				0D7DF4C715EF920700084FA9 /* Foundation.framework in Frameworks */,
				0D7DF4C915EF920700084FA9 /* CoreGraphics.framework in Frameworks */,
			);
			runOnlyForDeploymentPostprocessing = 0;
		};
/* End PBXFrameworksBuildPhase section */

/* Begin PBXGroup section */
		0D7DF4B515EF920700084FA9 = {
			isa = PBXGroup;
			children = (
				0D7DF4CA15EF920700084FA9 /* ModalEditor */,
				0D7DF4C315EF920700084FA9 /* Frameworks */,
				0D7DF4C115EF920700084FA9 /* Products */,
			);
			sourceTree = "<group>";
		};
		0D7DF4C115EF920700084FA9 /* Products */ = {
			isa = PBXGroup;
			children = (
				0D7DF4C015EF920700084FA9 /* ModalEditor.app */,
			);
			name = Products;
			sourceTree = "<group>";
		};
		0D7DF4C315EF920700084FA9 /* Frameworks */ = {
			isa = PBXGroup;
			children = (
				0D7DF4C415EF920700084FA9 /* UIKit.framework */,
				0D7DF4C615EF920700084FA9 /* Foundation.framework */,
				0D7DF4C815EF920700084FA9 /* CoreGraphics.framework */,
			);
			name = Frameworks;
			sourceTree = "<group>";
		};
		0D7DF4CA15EF920700084FA9 /* ModalEditor */ = {
			isa = PBXGroup;
			children = (
				0D7DF4D315EF920700084FA9 /* ModalEditorAppDelegate.h */,
				0D7DF4D415EF920700084FA9 /* ModalEditorAppDelegate.m */,
				0D7DF4D615EF920700084FA9 /* MainStoryboard.storyboard */,
				0D7DF4E115EF928100084FA9 /* EditorViewController.h */,
				0D7DF4E215EF928100084FA9 /* EditorViewController.m */,
				0D7DF4D915EF920700084FA9 /* ModalEditorViewController.h */,
				0D7DF4DA15EF920700084FA9 /* ModalEditorViewController.m */,
				0D7DF4CB15EF920700084FA9 /* Supporting Files */,
			);
			path = ModalEditor;
			sourceTree = "<group>";
		};
		0D7DF4CB15EF920700084FA9 /* Supporting Files */ = {
			isa = PBXGroup;
			children = (
				0D7DF4CC15EF920700084FA9 /* ModalEditor-Info.plist */,
				0D7DF4CD15EF920700084FA9 /* InfoPlist.strings */,
				0D7DF4D015EF920700084FA9 /* main.m */,
				0D7DF4D215EF920700084FA9 /* ModalEditor-Prefix.pch */,
			);
			name = "Supporting Files";
			sourceTree = "<group>";
		};
/* End PBXGroup section */

/* Begin PBXNativeTarget section */
		0D7DF4BF15EF920700084FA9 /* ModalEditor */ = {
			isa = PBXNativeTarget;
			buildConfigurationList = 0D7DF4DE15EF920700084FA9 /* Build configuration list for PBXNativeTarget "ModalEditor" */;
			buildPhases = (
				0D7DF4BC15EF920700084FA9 /* Sources */,
				0D7DF4BD15EF920700084FA9 /* Frameworks */,
				0D7DF4BE15EF920700084FA9 /* Resources */,
			);
			buildRules = (
			);
			dependencies = (
			);
			name = ModalEditor;
			productName = ModalEditor;
			productReference = 0D7DF4C015EF920700084FA9 /* ModalEditor.app */;
			productType = "com.apple.product-type.application";
		};
/* End PBXNativeTarget section */

/* Begin PBXProject section */
		0D7DF4B715EF920700084FA9 /* Project object */ = {
			isa = PBXProject;
			attributes = {
				CLASSPREFIX = ModalEditor;
				LastUpgradeCheck = 0440;
				ORGANIZATIONNAME = "Tom LePage";
			};
			buildConfigurationList = 0D7DF4BA15EF920700084FA9 /* Build configuration list for PBXProject "ModalEditor" */;
			compatibilityVersion = "Xcode 3.2";
			developmentRegion = English;
			hasScannedForEncodings = 0;
			knownRegions = (
				en,
			);
			mainGroup = 0D7DF4B515EF920700084FA9;
			productRefGroup = 0D7DF4C115EF920700084FA9 /* Products */;
			projectDirPath = "";
			projectRoot = "";
			targets = (
				0D7DF4BF15EF920700084FA9 /* ModalEditor */,
			);
		};
/* End PBXProject section */

/* Begin PBXResourcesBuildPhase section */
		0D7DF4BE15EF920700084FA9 /* Resources */ = {
			isa = PBXResourcesBuildPhase;
			buildActionMask = 2147483647;
			files = (
				0D7DF4CF15EF920700084FA9 /* InfoPlist.strings in Resources */,
				0D7DF4D815EF920700084FA9 /* MainStoryboard.storyboard in Resources */,
			);
			runOnlyForDeploymentPostprocessing = 0;
		};
/* End PBXResourcesBuildPhase section */

/* Begin PBXSourcesBuildPhase section */
		0D7DF4BC15EF920700084FA9 /* Sources */ = {
			isa = PBXSourcesBuildPhase;
			buildActionMask = 2147483647;
			files = (
				0D7DF4D115EF920700084FA9 /* main.m in Sources */,
				0D7DF4D515EF920700084FA9 /* ModalEditorAppDelegate.m in Sources */,
				0D7DF4DB15EF920700084FA9 /* ModalEditorViewController.m in Sources */,
				0D7DF4E315EF928100084FA9 /* EditorViewController.m in Sources */,
			);
			runOnlyForDeploymentPostprocessing = 0;
		};
/* End PBXSourcesBuildPhase section */

/* Begin PBXVariantGroup section */
		0D7DF4CD15EF920700084FA9 /* InfoPlist.strings */ = {
			isa = PBXVariantGroup;
			children = (
				0D7DF4CE15EF920700084FA9 /* en */,
			);
			name = InfoPlist.strings;
			sourceTree = "<group>";
		};
		0D7DF4D615EF920700084FA9 /* MainStoryboard.storyboard */ = {
			isa = PBXVariantGroup;
			children = (
				0D7DF4D715EF920700084FA9 /* en */,
			);
			name = MainStoryboard.storyboard;
			sourceTree = "<group>";
		};
/* End PBXVariantGroup section */

/* Begin XCBuildConfiguration section */
		0D7DF4DC15EF920700084FA9 /* Debug */ = {
			isa = XCBuildConfiguration;
			buildSettings = {
				ALWAYS_SEARCH_USER_PATHS = NO;
				ARCHS = "$(ARCHS_STANDARD_32_BIT)";
				CLANG_CXX_LANGUAGE_STANDARD = "gnu++0x";
				CLANG_ENABLE_OBJC_ARC = YES;
				CLANG_WARN__DUPLICATE_METHOD_MATCH = YES;
				"CODE_SIGN_IDENTITY[sdk=iphoneos*]" = "iPhone Developer";
				COPY_PHASE_STRIP = NO;
				GCC_C_LANGUAGE_STANDARD = gnu99;
				GCC_DYNAMIC_NO_PIC = NO;
				GCC_OPTIMIZATION_LEVEL = 0;
				GCC_PREPROCESSOR_DEFINITIONS = (
					"DEBUG=1",
					"$(inherited)",
				);
				GCC_SYMBOLS_PRIVATE_EXTERN = NO;
				GCC_VERSION = com.apple.compilers.llvm.clang.1_0;
				GCC_WARN_ABOUT_RETURN_TYPE = YES;
				GCC_WARN_UNINITIALIZED_AUTOS = YES;
				GCC_WARN_UNUSED_VARIABLE = YES;
				IPHONEOS_DEPLOYMENT_TARGET = 5.1;
				SDKROOT = iphoneos;
				TARGETED_DEVICE_FAMILY = 2;
			};
			name = Debug;
		};
		0D7DF4DD15EF920700084FA9 /* Release */ = {
			isa = XCBuildConfiguration;
			buildSettings = {
				ALWAYS_SEARCH_USER_PATHS = NO;
				ARCHS = "$(ARCHS_STANDARD_32_BIT)";
				CLANG_CXX_LANGUAGE_STANDARD = "gnu++0x";
				CLANG_ENABLE_OBJC_ARC = YES;
				CLANG_WARN__DUPLICATE_METHOD_MATCH = YES;
				"CODE_SIGN_IDENTITY[sdk=iphoneos*]" = "iPhone Developer";
				COPY_PHASE_STRIP = YES;
				GCC_C_LANGUAGE_STANDARD = gnu99;
				GCC_VERSION = com.apple.compilers.llvm.clang.1_0;
				GCC_WARN_ABOUT_RETURN_TYPE = YES;
				GCC_WARN_UNINITIALIZED_AUTOS = YES;
				GCC_WARN_UNUSED_VARIABLE = YES;
				IPHONEOS_DEPLOYMENT_TARGET = 5.1;
				OTHER_CFLAGS = "-DNS_BLOCK_ASSERTIONS=1";
				SDKROOT = iphoneos;
				TARGETED_DEVICE_FAMILY = 2;
				VALIDATE_PRODUCT = YES;
			};
			name = Release;
		};
		0D7DF4DF15EF920700084FA9 /* Debug */ = {
			isa = XCBuildConfiguration;
			buildSettings = {
				GCC_PRECOMPILE_PREFIX_HEADER = YES;
				GCC_PREFIX_HEADER = "ModalEditor/ModalEditor-Prefix.pch";
				INFOPLIST_FILE = "ModalEditor/ModalEditor-Info.plist";
				PRODUCT_NAME = "$(TARGET_NAME)";
				WRAPPER_EXTENSION = app;
			};
			name = Debug;
		};
		0D7DF4E015EF920700084FA9 /* Release */ = {
			isa = XCBuildConfiguration;
			buildSettings = {
				GCC_PRECOMPILE_PREFIX_HEADER = YES;
				GCC_PREFIX_HEADER = "ModalEditor/ModalEditor-Prefix.pch";
				INFOPLIST_FILE = "ModalEditor/ModalEditor-Info.plist";
				PRODUCT_NAME = "$(TARGET_NAME)";
				WRAPPER_EXTENSION = app;
			};
			name = Release;
		};
/* End XCBuildConfiguration section */

/* Begin XCConfigurationList section */
		0D7DF4BA15EF920700084FA9 /* Build configuration list for PBXProject "ModalEditor" */ = {
			isa = XCConfigurationList;
			buildConfigurations = (
				0D7DF4DC15EF920700084FA9 /* Debug */,
				0D7DF4DD15EF920700084FA9 /* Release */,
			);
			defaultConfigurationIsVisible = 0;
			defaultConfigurationName = Release;
		};
		0D7DF4DE15EF920700084FA9 /* Build configuration list for PBXNativeTarget "ModalEditor" */ = {
			isa = XCConfigurationList;
			buildConfigurations = (
				0D7DF4DF15EF920700084FA9 /* Debug */,
				0D7DF4E015EF920700084FA9 /* Release */,
			);
			defaultConfigurationIsVisible = 0;
		};
/* End XCConfigurationList section */
	};
	rootObject = 0D7DF4B715EF920700084FA9 /* Project object */;
}
